// !$*UTF8*$!
{
	archiveVersion = 1;
	classes = {
	};
	objectVersion = 56;
	objects = {

/* Begin PBXBuildFile section */
		6A77E7ED977B2EFA3C7F81F9 /* Pods_TemplateXDemo.framework in Frameworks */ = {isa = PBXBuildFile; fileRef = 621A07E0E75756D7C5C83B9B /* Pods_TemplateXDemo.framework */; };
		A1000001203D5D1100000001 /* AppDelegate.swift in Sources */ = {isa = PBXBuildFile; fileRef = A1000002203D5D1100000001 /* AppDelegate.swift */; };
		A1000003203D5D1100000001 /* DemoListViewController.swift in Sources */ = {isa = PBXBuildFile; fileRef = A1000004203D5D1100000001 /* DemoListViewController.swift */; };
		A1000005203D5D1100000001 /* BasicRenderDemoViewController.swift in Sources */ = {isa = PBXBuildFile; fileRef = A1000006203D5D1100000001 /* BasicRenderDemoViewController.swift */; };
		A1000007203D5D1100000001 /* DataBindingDemoViewController.swift in Sources */ = {isa = PBXBuildFile; fileRef = A1000008203D5D1100000001 /* DataBindingDemoViewController.swift */; };
		A1000009203D5D1100000001 /* IncrementalUpdateDemoViewController.swift in Sources */ = {isa = PBXBuildFile; fileRef = A100000A203D5D1100000001 /* IncrementalUpdateDemoViewController.swift */; };
		A100000B203D5D1100000001 /* LayoutDemoViewController.swift in Sources */ = {isa = PBXBuildFile; fileRef = A100000C203D5D1100000001 /* LayoutDemoViewController.swift */; };
		A100000D203D5D1100000001 /* ComponentShowcaseViewController.swift in Sources */ = {isa = PBXBuildFile; fileRef = A100000E203D5D1100000001 /* ComponentShowcaseViewController.swift */; };
		A100000F203D5D1100000001 /* PerformanceDemoViewController.swift in Sources */ = {isa = PBXBuildFile; fileRef = A1000010203D5D1100000001 /* PerformanceDemoViewController.swift */; };
		A1000011203D5D1100000001 /* home_card.json in Resources */ = {isa = PBXBuildFile; fileRef = A1000012203D5D1100000001 /* home_card.json */; };
		B3B48AC62F47A71B0057C9BF /* list_demo.json in Resources */ = {isa = PBXBuildFile; fileRef = B3B48AB62F47A71B0057C9BF /* list_demo.json */; };
		B3B48AC72F47A71B0057C9BF /* counter_card.json in Resources */ = {isa = PBXBuildFile; fileRef = B3B48ABC2F47A71B0057C9BF /* counter_card.json */; };
		B3B48AC82F47A71B0057C9BF /* style_demo.json in Resources */ = {isa = PBXBuildFile; fileRef = B3B48AB92F47A71B0057C9BF /* style_demo.json */; };
		B3B48AC92F47A71B0057C9BF /* margin_padding.json in Resources */ = {isa = PBXBuildFile; fileRef = B3B48AC42F47A71B0057C9BF /* margin_padding.json */; };
		B3B48ACA2F47A71B0057C9BF /* scroll_demo.json in Resources */ = {isa = PBXBuildFile; fileRef = B3B48AB82F47A71B0057C9BF /* scroll_demo.json */; };
		B3B48ACB2F47A71B0057C9BF /* flexbox_column.json in Resources */ = {isa = PBXBuildFile; fileRef = B3B48AC22F47A71B0057C9BF /* flexbox_column.json */; };
		B3B48ACC2F47A71B0057C9BF /* user_card.json in Resources */ = {isa = PBXBuildFile; fileRef = B3B48ABD2F47A71B0057C9BF /* user_card.json */; };
		B3B48ACD2F47A71B0057C9BF /* multiline_input_demo.json in Resources */ = {isa = PBXBuildFile; fileRef = B3B48AB72F47A71B0057C9BF /* multiline_input_demo.json */; };
		B3B48ACE2F47A71B0057C9BF /* image_demo.json in Resources */ = {isa = PBXBuildFile; fileRef = B3B48AB42F47A71B0057C9BF /* image_demo.json */; };
		B3B48ACF2F47A71B0057C9BF /* flex_wrap.json in Resources */ = {isa = PBXBuildFile; fileRef = B3B48AC12F47A71B0057C9BF /* flex_wrap.json */; };
		B3B48AD02F47A71B0057C9BF /* button_demo.json in Resources */ = {isa = PBXBuildFile; fileRef = B3B48AB32F47A71B0057C9BF /* button_demo.json */; };
		B3B48AD12F47A71B0057C9BF /* input_demo.json in Resources */ = {isa = PBXBuildFile; fileRef = B3B48AB52F47A71B0057C9BF /* input_demo.json */; };
		B3B48AD22F47A71B0057C9BF /* align_items.json in Resources */ = {isa = PBXBuildFile; fileRef = B3B48ABF2F47A71B0057C9BF /* align_items.json */; };
		B3B48AD32F47A71B0057C9BF /* basic_card.json in Resources */ = {isa = PBXBuildFile; fileRef = B3B48AB12F47A71B0057C9BF /* basic_card.json */; };
		B3B48AD42F47A71B0057C9BF /* aspect_ratio.json in Resources */ = {isa = PBXBuildFile; fileRef = B3B48AC02F47A71B0057C9BF /* aspect_ratio.json */; };
		B3B48AD52F47A71B0057C9BF /* text_demo.json in Resources */ = {isa = PBXBuildFile; fileRef = B3B48ABA2F47A71B0057C9BF /* text_demo.json */; };
		B3B48AD62F47A71B0057C9BF /* flexbox_row.json in Resources */ = {isa = PBXBuildFile; fileRef = B3B48AC32F47A71B0057C9BF /* flexbox_row.json */; };
		B3B48ADA2F47A7620057C9BF /* basic_render.json in Resources */ = {isa = PBXBuildFile; fileRef = B3B48AD72F47A7620057C9BF /* basic_render.json */; };
		B3B48ADB2F47A7620057C9BF /* incremental_update.json in Resources */ = {isa = PBXBuildFile; fileRef = B3B48AD82F47A7620057C9BF /* incremental_update.json */; };
		B3B48ADD2F48521B0057C9BF /* TemplateXDemoCell.swift in Sources */ = {isa = PBXBuildFile; fileRef = B3B48ADC2F48521B0057C9BF /* TemplateXDemoCell.swift */; };
/* End PBXBuildFile section */

/* Begin PBXFileReference section */
		1874CF81A3C77A4C8200F5D4 /* Pods-TemplateXDemo.release.xcconfig */ = {isa = PBXFileReference; includeInIndex = 1; lastKnownFileType = text.xcconfig; name = "Pods-TemplateXDemo.release.xcconfig"; path = "Target Support Files/Pods-TemplateXDemo/Pods-TemplateXDemo.release.xcconfig"; sourceTree = "<group>"; };
		5B4FD693C7C1B2B4FC4F32AF /* Pods-TemplateXDemo.debug.xcconfig */ = {isa = PBXFileReference; includeInIndex = 1; lastKnownFileType = text.xcconfig; name = "Pods-TemplateXDemo.debug.xcconfig"; path = "Target Support Files/Pods-TemplateXDemo/Pods-TemplateXDemo.debug.xcconfig"; sourceTree = "<group>"; };
		621A07E0E75756D7C5C83B9B /* Pods_TemplateXDemo.framework */ = {isa = PBXFileReference; explicitFileType = wrapper.framework; includeInIndex = 0; path = Pods_TemplateXDemo.framework; sourceTree = BUILT_PRODUCTS_DIR; };
		A1000000203D5D1100000001 /* TemplateXDemo.app */ = {isa = PBXFileReference; explicitFileType = wrapper.application; includeInIndex = 0; path = TemplateXDemo.app; sourceTree = BUILT_PRODUCTS_DIR; };
		A1000002203D5D1100000001 /* AppDelegate.swift */ = {isa = PBXFileReference; lastKnownFileType = sourcecode.swift; path = AppDelegate.swift; sourceTree = "<group>"; };
		A1000004203D5D1100000001 /* DemoListViewController.swift */ = {isa = PBXFileReference; lastKnownFileType = sourcecode.swift; path = DemoListViewController.swift; sourceTree = "<group>"; };
		A1000006203D5D1100000001 /* BasicRenderDemoViewController.swift */ = {isa = PBXFileReference; lastKnownFileType = sourcecode.swift; path = BasicRenderDemoViewController.swift; sourceTree = "<group>"; };
		A1000008203D5D1100000001 /* DataBindingDemoViewController.swift */ = {isa = PBXFileReference; lastKnownFileType = sourcecode.swift; path = DataBindingDemoViewController.swift; sourceTree = "<group>"; };
		A100000A203D5D1100000001 /* IncrementalUpdateDemoViewController.swift */ = {isa = PBXFileReference; lastKnownFileType = sourcecode.swift; path = IncrementalUpdateDemoViewController.swift; sourceTree = "<group>"; };
		A100000C203D5D1100000001 /* LayoutDemoViewController.swift */ = {isa = PBXFileReference; lastKnownFileType = sourcecode.swift; path = LayoutDemoViewController.swift; sourceTree = "<group>"; };
		A100000E203D5D1100000001 /* ComponentShowcaseViewController.swift */ = {isa = PBXFileReference; lastKnownFileType = sourcecode.swift; path = ComponentShowcaseViewController.swift; sourceTree = "<group>"; };
		A1000010203D5D1100000001 /* PerformanceDemoViewController.swift */ = {isa = PBXFileReference; lastKnownFileType = sourcecode.swift; path = PerformanceDemoViewController.swift; sourceTree = "<group>"; };
		A1000012203D5D1100000001 /* home_card.json */ = {isa = PBXFileReference; lastKnownFileType = text.json; path = home_card.json; sourceTree = "<group>"; };
		A1000013203D5D1100000001 /* Info.plist */ = {isa = PBXFileReference; lastKnownFileType = text.plist.xml; path = Info.plist; sourceTree = "<group>"; };
		B3B48AB12F47A71B0057C9BF /* basic_card.json */ = {isa = PBXFileReference; lastKnownFileType = text.json; path = basic_card.json; sourceTree = "<group>"; };
		B3B48AB32F47A71B0057C9BF /* button_demo.json */ = {isa = PBXFileReference; lastKnownFileType = text.json; path = button_demo.json; sourceTree = "<group>"; };
		B3B48AB42F47A71B0057C9BF /* image_demo.json */ = {isa = PBXFileReference; lastKnownFileType = text.json; path = image_demo.json; sourceTree = "<group>"; };
		B3B48AB52F47A71B0057C9BF /* input_demo.json */ = {isa = PBXFileReference; lastKnownFileType = text.json; path = input_demo.json; sourceTree = "<group>"; };
		B3B48AB62F47A71B0057C9BF /* list_demo.json */ = {isa = PBXFileReference; lastKnownFileType = text.json; path = list_demo.json; sourceTree = "<group>"; };
		B3B48AB72F47A71B0057C9BF /* multiline_input_demo.json */ = {isa = PBXFileReference; lastKnownFileType = text.json; path = multiline_input_demo.json; sourceTree = "<group>"; };
		B3B48AB82F47A71B0057C9BF /* scroll_demo.json */ = {isa = PBXFileReference; lastKnownFileType = text.json; path = scroll_demo.json; sourceTree = "<group>"; };
		B3B48AB92F47A71B0057C9BF /* style_demo.json */ = {isa = PBXFileReference; lastKnownFileType = text.json; path = style_demo.json; sourceTree = "<group>"; };
		B3B48ABA2F47A71B0057C9BF /* text_demo.json */ = {isa = PBXFileReference; lastKnownFileType = text.json; path = text_demo.json; sourceTree = "<group>"; };
		B3B48ABC2F47A71B0057C9BF /* counter_card.json */ = {isa = PBXFileReference; lastKnownFileType = text.json; path = counter_card.json; sourceTree = "<group>"; };
		B3B48ABD2F47A71B0057C9BF /* user_card.json */ = {isa = PBXFileReference; lastKnownFileType = text.json; path = user_card.json; sourceTree = "<group>"; };
		B3B48ABF2F47A71B0057C9BF /* align_items.json */ = {isa = PBXFileReference; lastKnownFileType = text.json; path = align_items.json; sourceTree = "<group>"; };
		B3B48AC02F47A71B0057C9BF /* aspect_ratio.json */ = {isa = PBXFileReference; lastKnownFileType = text.json; path = aspect_ratio.json; sourceTree = "<group>"; };
		B3B48AC12F47A71B0057C9BF /* flex_wrap.json */ = {isa = PBXFileReference; lastKnownFileType = text.json; path = flex_wrap.json; sourceTree = "<group>"; };
		B3B48AC22F47A71B0057C9BF /* flexbox_column.json */ = {isa = PBXFileReference; lastKnownFileType = text.json; path = flexbox_column.json; sourceTree = "<group>"; };
		B3B48AC32F47A71B0057C9BF /* flexbox_row.json */ = {isa = PBXFileReference; lastKnownFileType = text.json; path = flexbox_row.json; sourceTree = "<group>"; };
		B3B48AC42F47A71B0057C9BF /* margin_padding.json */ = {isa = PBXFileReference; lastKnownFileType = text.json; path = margin_padding.json; sourceTree = "<group>"; };
		B3B48AD72F47A7620057C9BF /* basic_render.json */ = {isa = PBXFileReference; lastKnownFileType = text.json; path = basic_render.json; sourceTree = "<group>"; };
		B3B48AD82F47A7620057C9BF /* incremental_update.json */ = {isa = PBXFileReference; lastKnownFileType = text.json; path = incremental_update.json; sourceTree = "<group>"; };
		B3B48ADC2F48521B0057C9BF /* TemplateXDemoCell.swift */ = {isa = PBXFileReference; lastKnownFileType = sourcecode.swift; path = TemplateXDemoCell.swift; sourceTree = "<group>"; };
/* End PBXFileReference section */

/* Begin PBXFrameworksBuildPhase section */
		A1000020203D5D1100000001 /* Frameworks */ = {
			isa = PBXFrameworksBuildPhase;
			buildActionMask = 2147483647;
			files = (
				6A77E7ED977B2EFA3C7F81F9 /* Pods_TemplateXDemo.framework in Frameworks */,
			);
			runOnlyForDeploymentPostprocessing = 0;
		};
/* End PBXFrameworksBuildPhase section */

/* Begin PBXGroup section */
		402C619528395AF36BD02656 /* Pods */ = {
			isa = PBXGroup;
			children = (
				5B4FD693C7C1B2B4FC4F32AF /* Pods-TemplateXDemo.debug.xcconfig */,
				1874CF81A3C77A4C8200F5D4 /* Pods-TemplateXDemo.release.xcconfig */,
			);
			path = Pods;
			sourceTree = "<group>";
		};
		5BF73B067FE61F2EC95A0475 /* Frameworks */ = {
			isa = PBXGroup;
			children = (
				621A07E0E75756D7C5C83B9B /* Pods_TemplateXDemo.framework */,
			);
			name = Frameworks;
			sourceTree = "<group>";
		};
		A1000030203D5D1100000001 = {
			isa = PBXGroup;
			children = (
				A1000031203D5D1100000001 /* TemplateXDemo */,
				A1000032203D5D1100000001 /* Products */,
				402C619528395AF36BD02656 /* Pods */,
				5BF73B067FE61F2EC95A0475 /* Frameworks */,
			);
			sourceTree = "<group>";
		};
		A1000031203D5D1100000001 /* TemplateXDemo */ = {
			isa = PBXGroup;
			children = (
				A1000002203D5D1100000001 /* AppDelegate.swift */,
				A1000004203D5D1100000001 /* DemoListViewController.swift */,
				A1000033203D5D1100000001 /* Demos */,
				A1000034203D5D1100000001 /* Resources */,
				A1000013203D5D1100000001 /* Info.plist */,
			);
			path = TemplateXDemo;
			sourceTree = "<group>";
		};
		A1000032203D5D1100000001 /* Products */ = {
			isa = PBXGroup;
			children = (
				A1000000203D5D1100000001 /* TemplateXDemo.app */,
			);
			name = Products;
			sourceTree = "<group>";
		};
		A1000033203D5D1100000001 /* Demos */ = {
			isa = PBXGroup;
			children = (
				B3B48ADC2F48521B0057C9BF /* TemplateXDemoCell.swift */,
				A1000006203D5D1100000001 /* BasicRenderDemoViewController.swift */,
				A1000008203D5D1100000001 /* DataBindingDemoViewController.swift */,
				A100000A203D5D1100000001 /* IncrementalUpdateDemoViewController.swift */,
				A100000C203D5D1100000001 /* LayoutDemoViewController.swift */,
				A100000E203D5D1100000001 /* ComponentShowcaseViewController.swift */,
				A1000010203D5D1100000001 /* PerformanceDemoViewController.swift */,
			);
			path = Demos;
			sourceTree = "<group>";
		};
		A1000034203D5D1100000001 /* Resources */ = {
			isa = PBXGroup;
			children = (
				B3B48AD92F47A7620057C9BF /* Performance */,
				B3B48AB22F47A71B0057C9BF /* Basic */,
				B3B48ABB2F47A71B0057C9BF /* Components */,
				B3B48ABE2F47A71B0057C9BF /* DataBinding */,
				B3B48AC52F47A71B0057C9BF /* Layouts */,
				A1000012203D5D1100000001 /* home_card.json */,
			);
			path = Resources;
			sourceTree = "<group>";
		};
		B3B48AB22F47A71B0057C9BF /* Basic */ = {
			isa = PBXGroup;
			children = (
				B3B48AB12F47A71B0057C9BF /* basic_card.json */,
			);
			path = Basic;
			sourceTree = "<group>";
		};
		B3B48ABB2F47A71B0057C9BF /* Components */ = {
			isa = PBXGroup;
			children = (
				B3B48AB32F47A71B0057C9BF /* button_demo.json */,
				B3B48AB42F47A71B0057C9BF /* image_demo.json */,
				B3B48AB52F47A71B0057C9BF /* input_demo.json */,
				B3B48AB62F47A71B0057C9BF /* list_demo.json */,
				B3B48AB72F47A71B0057C9BF /* multiline_input_demo.json */,
				B3B48AB82F47A71B0057C9BF /* scroll_demo.json */,
				B3B48AB92F47A71B0057C9BF /* style_demo.json */,
				B3B48ABA2F47A71B0057C9BF /* text_demo.json */,
			);
			path = Components;
			sourceTree = "<group>";
		};
		B3B48ABE2F47A71B0057C9BF /* DataBinding */ = {
			isa = PBXGroup;
			children = (
				B3B48ABC2F47A71B0057C9BF /* counter_card.json */,
				B3B48ABD2F47A71B0057C9BF /* user_card.json */,
			);
			path = DataBinding;
			sourceTree = "<group>";
		};
		B3B48AC52F47A71B0057C9BF /* Layouts */ = {
			isa = PBXGroup;
			children = (
				B3B48ABF2F47A71B0057C9BF /* align_items.json */,
				B3B48AC02F47A71B0057C9BF /* aspect_ratio.json */,
				B3B48AC12F47A71B0057C9BF /* flex_wrap.json */,
				B3B48AC22F47A71B0057C9BF /* flexbox_column.json */,
				B3B48AC32F47A71B0057C9BF /* flexbox_row.json */,
				B3B48AC42F47A71B0057C9BF /* margin_padding.json */,
			);
			path = Layouts;
			sourceTree = "<group>";
		};
		B3B48AD92F47A7620057C9BF /* Performance */ = {
			isa = PBXGroup;
			children = (
				B3B48AD72F47A7620057C9BF /* basic_render.json */,
				B3B48AD82F47A7620057C9BF /* incremental_update.json */,
			);
			path = Performance;
			sourceTree = "<group>";
		};
/* End PBXGroup section */

/* Begin PBXNativeTarget section */
		A1000040203D5D1100000001 /* TemplateXDemo */ = {
			isa = PBXNativeTarget;
			buildConfigurationList = A1000050203D5D1100000001 /* Build configuration list for PBXNativeTarget "TemplateXDemo" */;
			buildPhases = (
				738F1AEEF54939F97F405678 /* [CP] Check Pods Manifest.lock */,
				A1000041203D5D1100000001 /* Sources */,
				A1000020203D5D1100000001 /* Frameworks */,
				A1000042203D5D1100000001 /* Resources */,
				90791897D99408E9190C92EC /* [CP] Copy Pods Resources */,
			);
			buildRules = (
			);
			dependencies = (
			);
			name = TemplateXDemo;
			productName = TemplateXDemo;
			productReference = A1000000203D5D1100000001 /* TemplateXDemo.app */;
			productType = "com.apple.product-type.application";
		};
/* End PBXNativeTarget section */

/* Begin PBXProject section */
		A1000060203D5D1100000001 /* Project object */ = {
			isa = PBXProject;
			attributes = {
				BuildIndependentTargetsInParallel = 1;
				LastSwiftUpdateCheck = 1500;
				LastUpgradeCheck = 1500;
				TargetAttributes = {
					A1000040203D5D1100000001 = {
						CreatedOnToolsVersion = 15.0;
					};
				};
			};
			buildConfigurationList = A1000061203D5D1100000001 /* Build configuration list for PBXProject "TemplateXDemo" */;
			compatibilityVersion = "Xcode 14.0";
			developmentRegion = en;
			hasScannedForEncodings = 0;
			knownRegions = (
				en,
				Base,
			);
			mainGroup = A1000030203D5D1100000001;
			productRefGroup = A1000032203D5D1100000001 /* Products */;
			projectDirPath = "";
			projectRoot = "";
			targets = (
				A1000040203D5D1100000001 /* TemplateXDemo */,
			);
		};
/* End PBXProject section */

/* Begin PBXResourcesBuildPhase section */
		A1000042203D5D1100000001 /* Resources */ = {
			isa = PBXResourcesBuildPhase;
			buildActionMask = 2147483647;
			files = (
				A1000011203D5D1100000001 /* home_card.json in Resources */,
				B3B48AC62F47A71B0057C9BF /* list_demo.json in Resources */,
				B3B48AC72F47A71B0057C9BF /* counter_card.json in Resources */,
				B3B48AC82F47A71B0057C9BF /* style_demo.json in Resources */,
				B3B48ADA2F47A7620057C9BF /* basic_render.json in Resources */,
				B3B48ADB2F47A7620057C9BF /* incremental_update.json in Resources */,
				B3B48AC92F47A71B0057C9BF /* margin_padding.json in Resources */,
				B3B48ACA2F47A71B0057C9BF /* scroll_demo.json in Resources */,
				B3B48ACB2F47A71B0057C9BF /* flexbox_column.json in Resources */,
				B3B48ACC2F47A71B0057C9BF /* user_card.json in Resources */,
				B3B48ACD2F47A71B0057C9BF /* multiline_input_demo.json in Resources */,
				B3B48ACE2F47A71B0057C9BF /* image_demo.json in Resources */,
				B3B48ACF2F47A71B0057C9BF /* flex_wrap.json in Resources */,
				B3B48AD02F47A71B0057C9BF /* button_demo.json in Resources */,
				B3B48AD12F47A71B0057C9BF /* input_demo.json in Resources */,
				B3B48AD22F47A71B0057C9BF /* align_items.json in Resources */,
				B3B48AD32F47A71B0057C9BF /* basic_card.json in Resources */,
				B3B48AD42F47A71B0057C9BF /* aspect_ratio.json in Resources */,
				B3B48AD52F47A71B0057C9BF /* text_demo.json in Resources */,
				B3B48AD62F47A71B0057C9BF /* flexbox_row.json in Resources */,
			);
			runOnlyForDeploymentPostprocessing = 0;
		};
/* End PBXResourcesBuildPhase section */

/* Begin PBXShellScriptBuildPhase section */
		738F1AEEF54939F97F405678 /* [CP] Check Pods Manifest.lock */ = {
			isa = PBXShellScriptBuildPhase;
			buildActionMask = 2147483647;
			files = (
			);
			inputFileListPaths = (
			);
			inputPaths = (
				"${PODS_PODFILE_DIR_PATH}/Podfile.lock",
				"${PODS_ROOT}/Manifest.lock",
			);
			name = "[CP] Check Pods Manifest.lock";
			outputFileListPaths = (
			);
			outputPaths = (
				"$(DERIVED_FILE_DIR)/Pods-TemplateXDemo-checkManifestLockResult.txt",
			);
			runOnlyForDeploymentPostprocessing = 0;
			shellPath = /bin/sh;
			shellScript = "diff \"${PODS_PODFILE_DIR_PATH}/Podfile.lock\" \"${PODS_ROOT}/Manifest.lock\" > /dev/null\nif [ $? != 0 ] ; then\n    # print error to STDERR\n    echo \"error: The sandbox is not in sync with the Podfile.lock. Run 'pod install' or update your CocoaPods installation.\" >&2\n    exit 1\nfi\n# This output is used by Xcode 'outputs' to avoid re-running this script phase.\necho \"SUCCESS\" > \"${SCRIPT_OUTPUT_FILE_0}\"\n";
			showEnvVarsInLog = 0;
		};
		90791897D99408E9190C92EC /* [CP] Copy Pods Resources */ = {
			isa = PBXShellScriptBuildPhase;
			buildActionMask = 2147483647;
			files = (
			);
			inputFileListPaths = (
				"${PODS_ROOT}/Target Support Files/Pods-TemplateXDemo/Pods-TemplateXDemo-resources-${CONFIGURATION}-input-files.xcfilelist",
			);
			name = "[CP] Copy Pods Resources";
			outputFileListPaths = (
				"${PODS_ROOT}/Target Support Files/Pods-TemplateXDemo/Pods-TemplateXDemo-resources-${CONFIGURATION}-output-files.xcfilelist",
			);
			runOnlyForDeploymentPostprocessing = 0;
			shellPath = /bin/sh;
			shellScript = "\"${PODS_ROOT}/Target Support Files/Pods-TemplateXDemo/Pods-TemplateXDemo-resources.sh\"\n";
			showEnvVarsInLog = 0;
		};
/* End PBXShellScriptBuildPhase section */

/* Begin PBXSourcesBuildPhase section */
		A1000041203D5D1100000001 /* Sources */ = {
			isa = PBXSourcesBuildPhase;
			buildActionMask = 2147483647;
			files = (
				A1000001203D5D1100000001 /* AppDelegate.swift in Sources */,
				A1000003203D5D1100000001 /* DemoListViewController.swift in Sources */,
				A1000005203D5D1100000001 /* BasicRenderDemoViewController.swift in Sources */,
				A1000007203D5D1100000001 /* DataBindingDemoViewController.swift in Sources */,
				A1000009203D5D1100000001 /* IncrementalUpdateDemoViewController.swift in Sources */,
				A100000B203D5D1100000001 /* LayoutDemoViewController.swift in Sources */,
				A100000D203D5D1100000001 /* ComponentShowcaseViewController.swift in Sources */,
				B3B48ADD2F48521B0057C9BF /* TemplateXDemoCell.swift in Sources */,
				A100000F203D5D1100000001 /* PerformanceDemoViewController.swift in Sources */,
			);
			runOnlyForDeploymentPostprocessing = 0;
		};
/* End PBXSourcesBuildPhase section */

/* Begin XCBuildConfiguration section */
		A1000070203D5D1100000001 /* Debug */ = {
			isa = XCBuildConfiguration;
			buildSettings = {
				ALWAYS_SEARCH_USER_PATHS = NO;
				ASSETCATALOG_COMPILER_GENERATE_SWIFT_ASSET_SYMBOL_EXTENSIONS = YES;
				CLANG_ANALYZER_NONNULL = YES;
				CLANG_ANALYZER_NUMBER_OBJECT_CONVERSION = YES_AGGRESSIVE;
				CLANG_CXX_LANGUAGE_STANDARD = "gnu++20";
				CLANG_ENABLE_MODULES = YES;
				CLANG_ENABLE_OBJC_ARC = YES;
				CLANG_ENABLE_OBJC_WEAK = YES;
				CLANG_WARN_BLOCK_CAPTURE_AUTORELEASING = YES;
				CLANG_WARN_BOOL_CONVERSION = YES;
				CLANG_WARN_COMMA = YES;
				CLANG_WARN_CONSTANT_CONVERSION = YES;
				CLANG_WARN_DEPRECATED_OBJC_IMPLEMENTATIONS = YES;
				CLANG_WARN_DIRECT_OBJC_ISA_USAGE = YES_ERROR;
				CLANG_WARN_DOCUMENTATION_COMMENTS = YES;
				CLANG_WARN_EMPTY_BODY = YES;
				CLANG_WARN_ENUM_CONVERSION = YES;
				CLANG_WARN_INFINITE_RECURSION = YES;
				CLANG_WARN_INT_CONVERSION = YES;
				CLANG_WARN_NON_LITERAL_NULL_CONVERSION = YES;
				CLANG_WARN_OBJC_IMPLICIT_RETAIN_SELF = YES;
				CLANG_WARN_OBJC_LITERAL_CONVERSION = YES;
				CLANG_WARN_OBJC_ROOT_CLASS = YES_ERROR;
				CLANG_WARN_QUOTED_INCLUDE_IN_FRAMEWORK_HEADER = YES;
				CLANG_WARN_RANGE_LOOP_ANALYSIS = YES;
				CLANG_WARN_STRICT_PROTOTYPES = YES;
				CLANG_WARN_SUSPICIOUS_MOVE = YES;
				CLANG_WARN_UNGUARDED_AVAILABILITY = YES_AGGRESSIVE;
				CLANG_WARN_UNREACHABLE_CODE = YES;
				CLANG_WARN__DUPLICATE_METHOD_MATCH = YES;
				COPY_PHASE_STRIP = NO;
				DEBUG_INFORMATION_FORMAT = dwarf;
				ENABLE_STRICT_OBJC_MSGSEND = YES;
				ENABLE_TESTABILITY = YES;
				ENABLE_USER_SCRIPT_SANDBOXING = NO;
				GCC_C_LANGUAGE_STANDARD = gnu17;
				GCC_DYNAMIC_NO_PIC = NO;
				GCC_NO_COMMON_BLOCKS = YES;
				GCC_OPTIMIZATION_LEVEL = 0;
				GCC_PREPROCESSOR_DEFINITIONS = (
					"DEBUG=1",
					"$(inherited)",
				);
				GCC_WARN_64_TO_32_BIT_CONVERSION = YES;
				GCC_WARN_ABOUT_RETURN_TYPE = YES_ERROR;
				GCC_WARN_UNDECLARED_SELECTOR = YES;
				GCC_WARN_UNINITIALIZED_AUTOS = YES_AGGRESSIVE;
				GCC_WARN_UNUSED_FUNCTION = YES;
				GCC_WARN_UNUSED_VARIABLE = YES;
				IPHONEOS_DEPLOYMENT_TARGET = 13.0;
				LOCALIZATION_PREFERS_STRING_CATALOGS = YES;
				MTL_ENABLE_DEBUG_INFO = INCLUDE_SOURCE;
				MTL_FAST_MATH = YES;
				ONLY_ACTIVE_ARCH = YES;
				SDKROOT = iphoneos;
				SWIFT_ACTIVE_COMPILATION_CONDITIONS = "DEBUG $(inherited)";
				SWIFT_OPTIMIZATION_LEVEL = "-Onone";
			};
			name = Debug;
		};
		A1000071203D5D1100000001 /* Release */ = {
			isa = XCBuildConfiguration;
			buildSettings = {
				ALWAYS_SEARCH_USER_PATHS = NO;
				ASSETCATALOG_COMPILER_GENERATE_SWIFT_ASSET_SYMBOL_EXTENSIONS = YES;
				CLANG_ANALYZER_NONNULL = YES;
				CLANG_ANALYZER_NUMBER_OBJECT_CONVERSION = YES_AGGRESSIVE;
				CLANG_CXX_LANGUAGE_STANDARD = "gnu++20";
				CLANG_ENABLE_MODULES = YES;
				CLANG_ENABLE_OBJC_ARC = YES;
				CLANG_ENABLE_OBJC_WEAK = YES;
				CLANG_WARN_BLOCK_CAPTURE_AUTORELEASING = YES;
				CLANG_WARN_BOOL_CONVERSION = YES;
				CLANG_WARN_COMMA = YES;
				CLANG_WARN_CONSTANT_CONVERSION = YES;
				CLANG_WARN_DEPRECATED_OBJC_IMPLEMENTATIONS = YES;
				CLANG_WARN_DIRECT_OBJC_ISA_USAGE = YES_ERROR;
				CLANG_WARN_DOCUMENTATION_COMMENTS = YES;
				CLANG_WARN_EMPTY_BODY = YES;
				CLANG_WARN_ENUM_CONVERSION = YES;
				CLANG_WARN_INFINITE_RECURSION = YES;
				CLANG_WARN_INT_CONVERSION = YES;
				CLANG_WARN_NON_LITERAL_NULL_CONVERSION = YES;
				CLANG_WARN_OBJC_IMPLICIT_RETAIN_SELF = YES;
				CLANG_WARN_OBJC_LITERAL_CONVERSION = YES;
				CLANG_WARN_OBJC_ROOT_CLASS = YES_ERROR;
				CLANG_WARN_QUOTED_INCLUDE_IN_FRAMEWORK_HEADER = YES;
				CLANG_WARN_RANGE_LOOP_ANALYSIS = YES;
				CLANG_WARN_STRICT_PROTOTYPES = YES;
				CLANG_WARN_SUSPICIOUS_MOVE = YES;
				CLANG_WARN_UNGUARDED_AVAILABILITY = YES_AGGRESSIVE;
				CLANG_WARN_UNREACHABLE_CODE = YES;
				CLANG_WARN__DUPLICATE_METHOD_MATCH = YES;
				COPY_PHASE_STRIP = NO;
				DEBUG_INFORMATION_FORMAT = "dwarf-with-dsym";
				ENABLE_NS_ASSERTIONS = NO;
				ENABLE_STRICT_OBJC_MSGSEND = YES;
				ENABLE_USER_SCRIPT_SANDBOXING = NO;
				GCC_C_LANGUAGE_STANDARD = gnu17;
				GCC_NO_COMMON_BLOCKS = YES;
				GCC_WARN_64_TO_32_BIT_CONVERSION = YES;
				GCC_WARN_ABOUT_RETURN_TYPE = YES_ERROR;
				GCC_WARN_UNDECLARED_SELECTOR = YES;
				GCC_WARN_UNINITIALIZED_AUTOS = YES_AGGRESSIVE;
				GCC_WARN_UNUSED_FUNCTION = YES;
				GCC_WARN_UNUSED_VARIABLE = YES;
				IPHONEOS_DEPLOYMENT_TARGET = 13.0;
				LOCALIZATION_PREFERS_STRING_CATALOGS = YES;
				MTL_ENABLE_DEBUG_INFO = NO;
				MTL_FAST_MATH = YES;
				SDKROOT = iphoneos;
				SWIFT_COMPILATION_MODE = wholemodule;
				VALIDATE_PRODUCT = YES;
			};
			name = Release;
		};
		A1000072203D5D1100000001 /* Debug */ = {
			isa = XCBuildConfiguration;
			baseConfigurationReference = 5B4FD693C7C1B2B4FC4F32AF /* Pods-TemplateXDemo.debug.xcconfig */;
			buildSettings = {
				ASSETCATALOG_COMPILER_APPICON_NAME = AppIcon;
				ASSETCATALOG_COMPILER_GLOBAL_ACCENT_COLOR_NAME = AccentColor;
				CODE_SIGN_STYLE = Automatic;
				CURRENT_PROJECT_VERSION = 1;
				DEVELOPMENT_TEAM = L6XGXKP989;
				GENERATE_INFOPLIST_FILE = YES;
				INFOPLIST_FILE = TemplateXDemo/Info.plist;
				INFOPLIST_KEY_UIApplicationSupportsIndirectInputEvents = YES;
				INFOPLIST_KEY_UILaunchStoryboardName = LaunchScreen;
				INFOPLIST_KEY_UIRequiredDeviceCapabilities = armv7;
				INFOPLIST_KEY_UISupportedInterfaceOrientations = UIInterfaceOrientationPortrait;
				INFOPLIST_KEY_UISupportedInterfaceOrientations_iPad = "UIInterfaceOrientationPortrait UIInterfaceOrientationPortraitUpsideDown UIInterfaceOrientationLandscapeLeft UIInterfaceOrientationLandscapeRight";
				INFOPLIST_KEY_UISupportedInterfaceOrientations_iPhone = "UIInterfaceOrientationPortrait UIInterfaceOrientationLandscapeLeft UIInterfaceOrientationLandscapeRight";
				IPHONEOS_DEPLOYMENT_TARGET = 14.0;
				LD_RUNPATH_SEARCH_PATHS = (
					"$(inherited)",
					"@executable_path/Frameworks",
				);
				MARKETING_VERSION = 1.0;
				PRODUCT_BUNDLE_IDENTIFIER = com.felikslv.templatex.demo;
				PRODUCT_NAME = "$(TARGET_NAME)";
				SWIFT_EMIT_LOC_STRINGS = YES;
				SWIFT_VERSION = 5.0;
				TARGETED_DEVICE_FAMILY = "1,2";
			};
			name = Debug;
		};
		A1000073203D5D1100000001 /* Release */ = {
			isa = XCBuildConfiguration;
			baseConfigurationReference = 1874CF81A3C77A4C8200F5D4 /* Pods-TemplateXDemo.release.xcconfig */;
			buildSettings = {
				ASSETCATALOG_COMPILER_APPICON_NAME = AppIcon;
				ASSETCATALOG_COMPILER_GLOBAL_ACCENT_COLOR_NAME = AccentColor;
				CODE_SIGN_STYLE = Automatic;
				CURRENT_PROJECT_VERSION = 1;
				DEVELOPMENT_TEAM = L6XGXKP989;
				GENERATE_INFOPLIST_FILE = YES;
				INFOPLIST_FILE = TemplateXDemo/Info.plist;
				INFOPLIST_KEY_UIApplicationSupportsIndirectInputEvents = YES;
				INFOPLIST_KEY_UILaunchStoryboardName = LaunchScreen;
				INFOPLIST_KEY_UIRequiredDeviceCapabilities = armv7;
				INFOPLIST_KEY_UISupportedInterfaceOrientations = UIInterfaceOrientationPortrait;
				INFOPLIST_KEY_UISupportedInterfaceOrientations_iPad = "UIInterfaceOrientationPortrait UIInterfaceOrientationPortraitUpsideDown UIInterfaceOrientationLandscapeLeft UIInterfaceOrientationLandscapeRight";
				INFOPLIST_KEY_UISupportedInterfaceOrientations_iPhone = "UIInterfaceOrientationPortrait UIInterfaceOrientationLandscapeLeft UIInterfaceOrientationLandscapeRight";
				IPHONEOS_DEPLOYMENT_TARGET = 14.0;
				LD_RUNPATH_SEARCH_PATHS = (
					"$(inherited)",
					"@executable_path/Frameworks",
				);
				MARKETING_VERSION = 1.0;
				PRODUCT_BUNDLE_IDENTIFIER = com.felikslv.templatex.demo;
				PRODUCT_NAME = "$(TARGET_NAME)";
				SWIFT_EMIT_LOC_STRINGS = YES;
				SWIFT_VERSION = 5.0;
				TARGETED_DEVICE_FAMILY = "1,2";
			};
			name = Release;
		};
/* End XCBuildConfiguration section */

/* Begin XCConfigurationList section */
		A1000050203D5D1100000001 /* Build configuration list for PBXNativeTarget "TemplateXDemo" */ = {
			isa = XCConfigurationList;
			buildConfigurations = (
				A1000072203D5D1100000001 /* Debug */,
				A1000073203D5D1100000001 /* Release */,
			);
			defaultConfigurationIsVisible = 0;
			defaultConfigurationName = Release;
		};
		A1000061203D5D1100000001 /* Build configuration list for PBXProject "TemplateXDemo" */ = {
			isa = XCConfigurationList;
			buildConfigurations = (
				A1000070203D5D1100000001 /* Debug */,
				A1000071203D5D1100000001 /* Release */,
			);
			defaultConfigurationIsVisible = 0;
			defaultConfigurationName = Release;
		};
/* End XCConfigurationList section */
	};
	rootObject = A1000060203D5D1100000001 /* Project object */;
}
